
Microsoft Visual Studio Solution File, Format Version 12.00
# Visual Studio Version 16
VisualStudioVersion = 16.0.29123.88
MinimumVisualStudioVersion = 10.0.40219.1
Project("{9A19103F-16F7-4668-BE54-9A1E7A4F7556}") = "Marketplace", "Marketplace.csproj", "{B909DF26-AD98-417D-930C-4A54A31ED1F8}"
EndProject
Global
	GlobalSection(SolutionConfigurationPlatforms) = preSolution
		Debug|Any CPU = Debug|Any CPU
		Release|Any CPU = Release|Any CPU
	EndGlobalSection
	GlobalSection(ProjectConfigurationPlatforms) = postSolution
		{B909DF26-AD98-417D-930C-4A54A31ED1F8}.Debug|Any CPU.ActiveCfg = Debug|Any CPU
		{B909DF26-AD98-417D-930C-4A54A31ED1F8}.Debug|Any CPU.Build.0 = Debug|Any CPU
		{B909DF26-AD98-417D-930C-4A54A31ED1F8}.Release|Any CPU.ActiveCfg = Release|Any CPU
		{B909DF26-AD98-417D-930C-4A54A31ED1F8}.Release|Any CPU.Build.0 = Release|Any CPU
	EndGlobalSection
	GlobalSection(SolutionProperties) = preSolution
		HideSolutionNode = FALSE
	EndGlobalSection
	GlobalSection(ExtensibilityGlobals) = postSolution
		SolutionGuid = {2C87F877-A646-42B6-81C3-B7145CD95252}
	EndGlobalSection
EndGlobal
